// !$*UTF8*$!
{
	archiveVersion = 1;
	classes = {
	};
	objectVersion = 46;
	objects = {

/* Begin PBXBuildFile section */
		570E6ABE17F4711500A5BB4D /* ActViewController.mm in Sources */ = {isa = PBXBuildFile; fileRef = 570E6ABD17F4711500A5BB4D /* ActViewController.mm */; };
		570E6AC117F472E800A5BB4D /* ActMapView.xib in Resources */ = {isa = PBXBuildFile; fileRef = 570E6ABF17F472E800A5BB4D /* ActMapView.xib */; };
		570E6AC417F473C600A5BB4D /* ActLapView.xib in Resources */ = {isa = PBXBuildFile; fileRef = 570E6AC217F473C600A5BB4D /* ActLapView.xib */; };
		570E6AC717F474F700A5BB4D /* ActSummaryView.xib in Resources */ = {isa = PBXBuildFile; fileRef = 570E6AC517F474F700A5BB4D /* ActSummaryView.xib */; };
		570E6ACA17F4793700A5BB4D /* ActChartView.xib in Resources */ = {isa = PBXBuildFile; fileRef = 570E6AC817F4793700A5BB4D /* ActChartView.xib */; };
		570E6ACD17F47A9C00A5BB4D /* ActListView.xib in Resources */ = {isa = PBXBuildFile; fileRef = 570E6ACB17F47A9C00A5BB4D /* ActListView.xib */; };
		570E6AD017F717FB00A5BB4D /* ActURLCache.m in Sources */ = {isa = PBXBuildFile; fileRef = 570E6ACF17F717FB00A5BB4D /* ActURLCache.m */; };
		570E6AD217F71B4F00A5BB4D /* libsqlite3.dylib in Frameworks */ = {isa = PBXBuildFile; fileRef = 570E6AD117F71B4F00A5BB4D /* libsqlite3.dylib */; };
		5711D4A917EA09B6003157AF /* ActSplitView.mm in Sources */ = {isa = PBXBuildFile; fileRef = 5711D4A817EA09B6003157AF /* ActSplitView.mm */; };
		57193D4617FDFC9D009634B4 /* ActNotesListViewController.mm in Sources */ = {isa = PBXBuildFile; fileRef = 57193D4517FDFC9D009634B4 /* ActNotesListViewController.mm */; };
		57193D4917FDFCAE009634B4 /* ActNotesListView.xib in Resources */ = {isa = PBXBuildFile; fileRef = 57193D4717FDFCAE009634B4 /* ActNotesListView.xib */; };
		57193D4D1801A4C9009634B4 /* ActHeaderViewController.mm in Sources */ = {isa = PBXBuildFile; fileRef = 57193D4C1801A4C9009634B4 /* ActHeaderViewController.mm */; };
		57193D521801A514009634B4 /* ActHeaderView.xib in Resources */ = {isa = PBXBuildFile; fileRef = 57193D501801A514009634B4 /* ActHeaderView.xib */; };
		571DB99D17BE615C0001514C /* InfoPlist.strings in Resources */ = {isa = PBXBuildFile; fileRef = 571DB99B17BE615C0001514C /* InfoPlist.strings */; };
		571DB99F17BE615C0001514C /* main.m in Sources */ = {isa = PBXBuildFile; fileRef = 571DB99E17BE615C0001514C /* main.m */; };
		571DB9A617BE615C0001514C /* ActAppDelegate.mm in Sources */ = {isa = PBXBuildFile; fileRef = 571DB9A517BE615C0001514C /* ActAppDelegate.mm */; };
		571DB9A917BE615C0001514C /* MainMenu.xib in Resources */ = {isa = PBXBuildFile; fileRef = 571DB9A717BE615C0001514C /* MainMenu.xib */; };
		571DB9AF17BE63AC0001514C /* AppKit.framework in Frameworks */ = {isa = PBXBuildFile; fileRef = 571DB99517BE615C0001514C /* AppKit.framework */; };
		571DB9B017BE63AF0001514C /* Foundation.framework in Frameworks */ = {isa = PBXBuildFile; fileRef = 571DB99717BE615C0001514C /* Foundation.framework */; };
		571DB9B517BE66A60001514C /* ActListViewController.mm in Sources */ = {isa = PBXBuildFile; fileRef = 571DB9B217BE66A60001514C /* ActListViewController.mm */; };
		571DB9DF17BE67CD0001514C /* act-activity-accum.cc in Sources */ = {isa = PBXBuildFile; fileRef = 571DB9C117BE67CD0001514C /* act-activity-accum.cc */; };
		571DB9E117BE67CD0001514C /* act-activity-storage.cc in Sources */ = {isa = PBXBuildFile; fileRef = 571DB9C317BE67CD0001514C /* act-activity-storage.cc */; };
		571DB9E317BE67CD0001514C /* act-activity.cc in Sources */ = {isa = PBXBuildFile; fileRef = 571DB9C517BE67CD0001514C /* act-activity.cc */; };
		571DB9E517BE67CD0001514C /* act-arguments.cc in Sources */ = {isa = PBXBuildFile; fileRef = 571DB9C717BE67CD0001514C /* act-arguments.cc */; };
		571DB9E817BE67CD0001514C /* act-config.cc in Sources */ = {isa = PBXBuildFile; fileRef = 571DB9CA17BE67CD0001514C /* act-config.cc */; };
		571DB9EA17BE67CD0001514C /* act-database.cc in Sources */ = {isa = PBXBuildFile; fileRef = 571DB9CC17BE67CD0001514C /* act-database.cc */; };
		571DB9EC17BE67CD0001514C /* act-format.cc in Sources */ = {isa = PBXBuildFile; fileRef = 571DB9CE17BE67CD0001514C /* act-format.cc */; };
		571DB9EE17BE67CD0001514C /* act-gps-activity.cc in Sources */ = {isa = PBXBuildFile; fileRef = 571DB9D017BE67CD0001514C /* act-gps-activity.cc */; };
		571DB9F017BE67CD0001514C /* act-gps-fit-parser.cc in Sources */ = {isa = PBXBuildFile; fileRef = 571DB9D217BE67CD0001514C /* act-gps-fit-parser.cc */; };
		571DB9F217BE67CD0001514C /* act-gps-parser.cc in Sources */ = {isa = PBXBuildFile; fileRef = 571DB9D417BE67CD0001514C /* act-gps-parser.cc */; };
		571DB9F417BE67CD0001514C /* act-gps-tcx-parser.cc in Sources */ = {isa = PBXBuildFile; fileRef = 571DB9D617BE67CD0001514C /* act-gps-tcx-parser.cc */; };
		571DB9F617BE67CD0001514C /* act-output-table.cc in Sources */ = {isa = PBXBuildFile; fileRef = 571DB9D817BE67CD0001514C /* act-output-table.cc */; };
		571DB9F917BE67CD0001514C /* act-types.cc in Sources */ = {isa = PBXBuildFile; fileRef = 571DB9DB17BE67CD0001514C /* act-types.cc */; };
		571DB9FB17BE67CD0001514C /* act-util.cc in Sources */ = {isa = PBXBuildFile; fileRef = 571DB9DD17BE67CD0001514C /* act-util.cc */; };
		571DB9FF17BE689D0001514C /* libact.a in Frameworks */ = {isa = PBXBuildFile; fileRef = 571DB9BD17BE67850001514C /* libact.a */; };
		571DBA0317BE6B6C0001514C /* libxml2.dylib in Frameworks */ = {isa = PBXBuildFile; fileRef = 571DB9FD17BE68090001514C /* libxml2.dylib */; };
		571EC4E6188607B000B1B654 /* CoreAnimationExtensions.m in Sources */ = {isa = PBXBuildFile; fileRef = 571EC4E5188607B000B1B654 /* CoreAnimationExtensions.m */; };
		5730789617C56E54002C5B28 /* ActChartViewController.mm in Sources */ = {isa = PBXBuildFile; fileRef = 5730789517C56E54002C5B28 /* ActChartViewController.mm */; };
		5734E189181007EB007BDC1B /* ActColor.mm in Sources */ = {isa = PBXBuildFile; fileRef = 5734E188181007EB007BDC1B /* ActColor.mm */; };
		5734E18C18103C5D007BDC1B /* AppKitExtensions.m in Sources */ = {isa = PBXBuildFile; fileRef = 5734E18B18103C5D007BDC1B /* AppKitExtensions.m */; };
		5736AE56187752DC00EAE652 /* ActWeekView.xib in Resources */ = {isa = PBXBuildFile; fileRef = 5736AE54187752DC00EAE652 /* ActWeekView.xib */; };
		5736AE5918775A8100EAE652 /* ActWeekViewController.mm in Sources */ = {isa = PBXBuildFile; fileRef = 5736AE5818775A8100EAE652 /* ActWeekViewController.mm */; };
		5736AE5B1878272700EAE652 /* QuartzCore.framework in Frameworks */ = {isa = PBXBuildFile; fileRef = 5736AE5A1878272700EAE652 /* QuartzCore.framework */; };
		573ABAF71823FC05004FAF17 /* PXSourceList.m in Sources */ = {isa = PBXBuildFile; fileRef = 573ABAF41823FC05004FAF17 /* PXSourceList.m */; settings = {COMPILER_FLAGS = "-Wno-deprecated"; }; };
		5755061E1824721D00A69209 /* ActSourceListDeviceItem.mm in Sources */ = {isa = PBXBuildFile; fileRef = 575506191824721D00A69209 /* ActSourceListDeviceItem.mm */; };
		5755061F1824721D00A69209 /* ActSourceListItem.mm in Sources */ = {isa = PBXBuildFile; fileRef = 5755061B1824721D00A69209 /* ActSourceListItem.mm */; };
		575506201824721D00A69209 /* ActSourceListQueryItem.mm in Sources */ = {isa = PBXBuildFile; fileRef = 5755061D1824721D00A69209 /* ActSourceListQueryItem.mm */; };
		575B3D79187F6DEB003A94E7 /* ActPopoverViewController.mm in Sources */ = {isa = PBXBuildFile; fileRef = 575B3D78187F6DEB003A94E7 /* ActPopoverViewController.mm */; };
		575B3D7C18801F12003A94E7 /* ActPopoverView.xib in Resources */ = {isa = PBXBuildFile; fileRef = 575B3D7A18801F12003A94E7 /* ActPopoverView.xib */; };
		57638D5017DB72EA00BE93AC /* act-intensity-points.cc in Sources */ = {isa = PBXBuildFile; fileRef = 57638D4E17DB72EA00BE93AC /* act-intensity-points.cc */; };
		5769E6DA1812D2DD00E3D801 /* ActCollapsibleView.mm in Sources */ = {isa = PBXBuildFile; fileRef = 5769E6D91812D2DD00E3D801 /* ActCollapsibleView.mm */; };
		5769E6DD1812D52D00E3D801 /* ActViewLayout.mm in Sources */ = {isa = PBXBuildFile; fileRef = 5769E6DC1812D52D00E3D801 /* ActViewLayout.mm */; };
		57707AE817DFBC4C009BAC5D /* ActMapSource.mm in Sources */ = {isa = PBXBuildFile; fileRef = 57707AE317DFBC4C009BAC5D /* ActMapSource.mm */; };
		57707AE917DFBC4C009BAC5D /* ActMapView.mm in Sources */ = {isa = PBXBuildFile; fileRef = 57707AE517DFBC4C009BAC5D /* ActMapView.mm */; };
		57707AEA17DFBC4C009BAC5D /* ActTileJSONMapSource.mm in Sources */ = {isa = PBXBuildFile; fileRef = 57707AE717DFBC4C009BAC5D /* ActTileJSONMapSource.mm */; };
		57707AED17DFBF99009BAC5D /* ActMapViewController.mm in Sources */ = {isa = PBXBuildFile; fileRef = 57707AEC17DFBF99009BAC5D /* ActMapViewController.mm */; };
		578D797A17E75DE300E50C29 /* ActSummaryViewController.mm in Sources */ = {isa = PBXBuildFile; fileRef = 578D797917E75DE300E50C29 /* ActSummaryViewController.mm */; };
		578D797D17E7671000E50C29 /* ActHorizontalBoxView.mm in Sources */ = {isa = PBXBuildFile; fileRef = 578D797C17E7671000E50C29 /* ActHorizontalBoxView.mm */; };
		57921A5717BEAEF0001AD35D /* ActWindow.xib in Resources */ = {isa = PBXBuildFile; fileRef = 57921A5517BEAEF0001AD35D /* ActWindow.xib */; };
		57921A5A17BEAF48001AD35D /* ActWindowController.mm in Sources */ = {isa = PBXBuildFile; fileRef = 57921A5917BEAF48001AD35D /* ActWindowController.mm */; };
		579772E517C4F63900AA2E9D /* ActHeaderView.mm in Sources */ = {isa = PBXBuildFile; fileRef = 579772E417C4F63900AA2E9D /* ActHeaderView.mm */; };
		579772E817C4FB0A00AA2E9D /* ActHeaderFieldView.mm in Sources */ = {isa = PBXBuildFile; fileRef = 579772E717C4FB0A00AA2E9D /* ActHeaderFieldView.mm */; };
		579772EB17C5015600AA2E9D /* FoundationExtensions.m in Sources */ = {isa = PBXBuildFile; fileRef = 579772EA17C5015600AA2E9D /* FoundationExtensions.m */; };
		57A1FE8D187C10CA0077629E /* chart-view-chart.mm in Sources */ = {isa = PBXBuildFile; fileRef = 57A1FE8B187C10CA0077629E /* chart-view-chart.mm */; };
		57A7352817CF8A3B0054E3EB /* ActLapViewController.mm in Sources */ = {isa = PBXBuildFile; fileRef = 57A7352717CF8A3B0054E3EB /* ActLapViewController.mm */; };
		57B51B09180DFC18004F1A1D /* ActActivityView.xib in Resources */ = {isa = PBXBuildFile; fileRef = 57B51B07180DFC18004F1A1D /* ActActivityView.xib */; };
		57B51B0C180DFC63004F1A1D /* ActActivityViewController.mm in Sources */ = {isa = PBXBuildFile; fileRef = 57B51B0B180DFC63004F1A1D /* ActActivityViewController.mm */; };
		57C5705C17EB18CB0000AF8D /* ActTableView.mm in Sources */ = {isa = PBXBuildFile; fileRef = 57C5705B17EB18CB0000AF8D /* ActTableView.mm */; };
		57C7828617EF2F21003413EA /* act-new.cc in Sources */ = {isa = PBXBuildFile; fileRef = 57C7828417EF2F21003413EA /* act-new.cc */; };
		57C8663317F096BC00241C7D /* ActTextField.mm in Sources */ = {isa = PBXBuildFile; fileRef = 57C8663217F096BC00241C7D /* ActTextField.mm */; };
		57DB7BAE17E0D4790093C735 /* defaults.plist in Resources */ = {isa = PBXBuildFile; fileRef = 57DB7BA817E0D4790093C735 /* defaults.plist */; };
		57DB7BAF17E0D4790093C735 /* hikebikemap-tiles.json in Resources */ = {isa = PBXBuildFile; fileRef = 57DB7BA917E0D4790093C735 /* hikebikemap-tiles.json */; };
		57DB7BB017E0D4790093C735 /* mapquest-map-tiles.json in Resources */ = {isa = PBXBuildFile; fileRef = 57DB7BAA17E0D4790093C735 /* mapquest-map-tiles.json */; };
		57DB7BB117E0D4790093C735 /* mapquest-sat-tiles.json in Resources */ = {isa = PBXBuildFile; fileRef = 57DB7BAB17E0D4790093C735 /* mapquest-sat-tiles.json */; };
		57DB7BB217E0D4790093C735 /* opencyclemap-tiles.json in Resources */ = {isa = PBXBuildFile; fileRef = 57DB7BAC17E0D4790093C735 /* opencyclemap-tiles.json */; };
		57DB7BB317E0D4790093C735 /* openstreetmap-tiles.json in Resources */ = {isa = PBXBuildFile; fileRef = 57DB7BAD17E0D4790093C735 /* openstreetmap-tiles.json */; };
		57DCE3FC17F31D7D0072C67B /* app-icon.icns in Resources */ = {isa = PBXBuildFile; fileRef = 57DCE3FB17F31D7D0072C67B /* app-icon.icns */; };
		57E44D161822B6AF006A58B4 /* ActDevice.mm in Sources */ = {isa = PBXBuildFile; fileRef = 57E44D111822B6AF006A58B4 /* ActDevice.mm */; };
		57E44D171822B6AF006A58B4 /* ActDeviceManager.mm in Sources */ = {isa = PBXBuildFile; fileRef = 57E44D131822B6AF006A58B4 /* ActDeviceManager.mm */; };
		57E44D181822B6AF006A58B4 /* ActGarminDevice.mm in Sources */ = {isa = PBXBuildFile; fileRef = 57E44D151822B6AF006A58B4 /* ActGarminDevice.mm */; };
		57E44D1D1822D630006A58B4 /* ActImporterViewController.mm in Sources */ = {isa = PBXBuildFile; fileRef = 57E44D1A1822D630006A58B4 /* ActImporterViewController.mm */; };
		57E44D1E1822D630006A58B4 /* ActViewerViewController.mm in Sources */ = {isa = PBXBuildFile; fileRef = 57E44D1C1822D630006A58B4 /* ActViewerViewController.mm */; };
		57E44D211822D70E006A58B4 /* ActImporterView.xib in Resources */ = {isa = PBXBuildFile; fileRef = 57E44D1F1822D70E006A58B4 /* ActImporterView.xib */; };
		57E44D241822D73A006A58B4 /* ActViewerView.xib in Resources */ = {isa = PBXBuildFile; fileRef = 57E44D221822D73A006A58B4 /* ActViewerView.xib */; };
/* End PBXBuildFile section */

/* Begin PBXContainerItemProxy section */
		571DBA0017BE68A60001514C /* PBXContainerItemProxy */ = {
			isa = PBXContainerItemProxy;
			containerPortal = 571DB98717BE615C0001514C /* Project object */;
			proxyType = 1;
			remoteGlobalIDString = 571DB9BC17BE67850001514C;
			remoteInfo = libact;
		};
/* End PBXContainerItemProxy section */

/* Begin PBXFileReference section */
		570E6ABC17F4711500A5BB4D /* ActViewController.h */ = {isa = PBXFileReference; fileEncoding = 4; lastKnownFileType = sourcecode.c.h; path = ActViewController.h; sourceTree = "<group>"; };
		570E6ABD17F4711500A5BB4D /* ActViewController.mm */ = {isa = PBXFileReference; fileEncoding = 4; lastKnownFileType = sourcecode.cpp.objcpp; path = ActViewController.mm; sourceTree = "<group>"; };
		570E6AC017F472E800A5BB4D /* en */ = {isa = PBXFileReference; lastKnownFileType = file.xib; name = en; path = en.lproj/ActMapView.xib; sourceTree = "<group>"; };
		570E6AC317F473C600A5BB4D /* en */ = {isa = PBXFileReference; lastKnownFileType = file.xib; name = en; path = en.lproj/ActLapView.xib; sourceTree = "<group>"; };
		570E6AC617F474F700A5BB4D /* en */ = {isa = PBXFileReference; lastKnownFileType = file.xib; name = en; path = en.lproj/ActSummaryView.xib; sourceTree = "<group>"; };
		570E6AC917F4793700A5BB4D /* en */ = {isa = PBXFileReference; lastKnownFileType = file.xib; name = en; path = en.lproj/ActChartView.xib; sourceTree = "<group>"; };
		570E6ACC17F47A9C00A5BB4D /* en */ = {isa = PBXFileReference; lastKnownFileType = file.xib; name = en; path = en.lproj/ActListView.xib; sourceTree = "<group>"; };
		570E6ACE17F717FB00A5BB4D /* ActURLCache.h */ = {isa = PBXFileReference; fileEncoding = 4; lastKnownFileType = sourcecode.c.h; path = ActURLCache.h; sourceTree = "<group>"; };
		570E6ACF17F717FB00A5BB4D /* ActURLCache.m */ = {isa = PBXFileReference; fileEncoding = 4; lastKnownFileType = sourcecode.c.objc; path = ActURLCache.m; sourceTree = "<group>"; };
		570E6AD117F71B4F00A5BB4D /* libsqlite3.dylib */ = {isa = PBXFileReference; lastKnownFileType = "compiled.mach-o.dylib"; name = libsqlite3.dylib; path = usr/lib/libsqlite3.dylib; sourceTree = SDKROOT; };
		5711D4A717EA09B6003157AF /* ActSplitView.h */ = {isa = PBXFileReference; fileEncoding = 4; lastKnownFileType = sourcecode.c.h; path = ActSplitView.h; sourceTree = "<group>"; };
		5711D4A817EA09B6003157AF /* ActSplitView.mm */ = {isa = PBXFileReference; fileEncoding = 4; lastKnownFileType = sourcecode.cpp.objcpp; path = ActSplitView.mm; sourceTree = "<group>"; };
		57193D4417FDFC9D009634B4 /* ActNotesListViewController.h */ = {isa = PBXFileReference; fileEncoding = 4; lastKnownFileType = sourcecode.c.h; path = ActNotesListViewController.h; sourceTree = "<group>"; };
		57193D4517FDFC9D009634B4 /* ActNotesListViewController.mm */ = {isa = PBXFileReference; fileEncoding = 4; lastKnownFileType = sourcecode.cpp.objcpp; path = ActNotesListViewController.mm; sourceTree = "<group>"; };
		57193D4817FDFCAE009634B4 /* en */ = {isa = PBXFileReference; lastKnownFileType = file.xib; name = en; path = en.lproj/ActNotesListView.xib; sourceTree = "<group>"; };
		57193D4A17FF2469009634B4 /* objc-ptr.h */ = {isa = PBXFileReference; fileEncoding = 4; lastKnownFileType = sourcecode.c.h; name = "objc-ptr.h"; path = "../common/objc-ptr.h"; sourceTree = "<group>"; };
		57193D4B1801A4C9009634B4 /* ActHeaderViewController.h */ = {isa = PBXFileReference; fileEncoding = 4; lastKnownFileType = sourcecode.c.h; path = ActHeaderViewController.h; sourceTree = "<group>"; };
		57193D4C1801A4C9009634B4 /* ActHeaderViewController.mm */ = {isa = PBXFileReference; fileEncoding = 4; lastKnownFileType = sourcecode.cpp.objcpp; path = ActHeaderViewController.mm; sourceTree = "<group>"; };
		57193D511801A514009634B4 /* en */ = {isa = PBXFileReference; lastKnownFileType = file.xib; name = en; path = en.lproj/ActHeaderView.xib; sourceTree = "<group>"; };
		571DB98F17BE615C0001514C /* Activities.app */ = {isa = PBXFileReference; explicitFileType = wrapper.application; includeInIndex = 0; path = Activities.app; sourceTree = BUILT_PRODUCTS_DIR; };
		571DB99517BE615C0001514C /* AppKit.framework */ = {isa = PBXFileReference; lastKnownFileType = wrapper.framework; name = AppKit.framework; path = System/Library/Frameworks/AppKit.framework; sourceTree = SDKROOT; };
		571DB99717BE615C0001514C /* Foundation.framework */ = {isa = PBXFileReference; lastKnownFileType = wrapper.framework; name = Foundation.framework; path = System/Library/Frameworks/Foundation.framework; sourceTree = SDKROOT; };
		571DB99A17BE615C0001514C /* Activities-Info.plist */ = {isa = PBXFileReference; lastKnownFileType = text.plist.xml; name = "Activities-Info.plist"; path = "resources/Activities-Info.plist"; sourceTree = "<group>"; };
		571DB99C17BE615C0001514C /* en */ = {isa = PBXFileReference; lastKnownFileType = text.plist.strings; name = en; path = en.lproj/InfoPlist.strings; sourceTree = "<group>"; };
		571DB99E17BE615C0001514C /* main.m */ = {isa = PBXFileReference; lastKnownFileType = sourcecode.c.objc; path = main.m; sourceTree = "<group>"; };
		571DB9A017BE615C0001514C /* Activities-Prefix.pch */ = {isa = PBXFileReference; lastKnownFileType = sourcecode.c.h; path = "Activities-Prefix.pch"; sourceTree = "<group>"; };
		571DB9A417BE615C0001514C /* ActAppDelegate.h */ = {isa = PBXFileReference; lastKnownFileType = sourcecode.c.h; path = ActAppDelegate.h; sourceTree = "<group>"; };
		571DB9A517BE615C0001514C /* ActAppDelegate.mm */ = {isa = PBXFileReference; lastKnownFileType = sourcecode.cpp.objcpp; path = ActAppDelegate.mm; sourceTree = "<group>"; };
		571DB9A817BE615C0001514C /* en */ = {isa = PBXFileReference; lastKnownFileType = file.xib; name = en; path = en.lproj/MainMenu.xib; sourceTree = "<group>"; };
		571DB9B117BE66A60001514C /* ActListViewController.h */ = {isa = PBXFileReference; fileEncoding = 4; lastKnownFileType = sourcecode.c.h; path = ActListViewController.h; sourceTree = "<group>"; };
		571DB9B217BE66A60001514C /* ActListViewController.mm */ = {isa = PBXFileReference; fileEncoding = 4; lastKnownFileType = sourcecode.cpp.objcpp; path = ActListViewController.mm; sourceTree = "<group>"; };
		571DB9BD17BE67850001514C /* libact.a */ = {isa = PBXFileReference; explicitFileType = archive.ar; includeInIndex = 0; path = libact.a; sourceTree = BUILT_PRODUCTS_DIR; };
		571DB9C117BE67CD0001514C /* act-activity-accum.cc */ = {isa = PBXFileReference; fileEncoding = 4; lastKnownFileType = sourcecode.cpp.cpp; name = "act-activity-accum.cc"; path = "../lib/act-activity-accum.cc"; sourceTree = "<group>"; };
		571DB9C217BE67CD0001514C /* act-activity-accum.h */ = {isa = PBXFileReference; fileEncoding = 4; lastKnownFileType = sourcecode.c.h; name = "act-activity-accum.h"; path = "../lib/act-activity-accum.h"; sourceTree = "<group>"; };
		571DB9C317BE67CD0001514C /* act-activity-storage.cc */ = {isa = PBXFileReference; fileEncoding = 4; lastKnownFileType = sourcecode.cpp.cpp; name = "act-activity-storage.cc"; path = "../lib/act-activity-storage.cc"; sourceTree = "<group>"; };
		571DB9C417BE67CD0001514C /* act-activity-storage.h */ = {isa = PBXFileReference; fileEncoding = 4; lastKnownFileType = sourcecode.c.h; name = "act-activity-storage.h"; path = "../lib/act-activity-storage.h"; sourceTree = "<group>"; };
		571DB9C517BE67CD0001514C /* act-activity.cc */ = {isa = PBXFileReference; fileEncoding = 4; lastKnownFileType = sourcecode.cpp.cpp; name = "act-activity.cc"; path = "../lib/act-activity.cc"; sourceTree = "<group>"; };
		571DB9C617BE67CD0001514C /* act-activity.h */ = {isa = PBXFileReference; fileEncoding = 4; lastKnownFileType = sourcecode.c.h; name = "act-activity.h"; path = "../lib/act-activity.h"; sourceTree = "<group>"; };
		571DB9C717BE67CD0001514C /* act-arguments.cc */ = {isa = PBXFileReference; fileEncoding = 4; lastKnownFileType = sourcecode.cpp.cpp; name = "act-arguments.cc"; path = "../lib/act-arguments.cc"; sourceTree = "<group>"; };
		571DB9C817BE67CD0001514C /* act-arguments.h */ = {isa = PBXFileReference; fileEncoding = 4; lastKnownFileType = sourcecode.c.h; name = "act-arguments.h"; path = "../lib/act-arguments.h"; sourceTree = "<group>"; };
		571DB9C917BE67CD0001514C /* act-base.h */ = {isa = PBXFileReference; fileEncoding = 4; lastKnownFileType = sourcecode.c.h; name = "act-base.h"; path = "../lib/act-base.h"; sourceTree = "<group>"; };
		571DB9CA17BE67CD0001514C /* act-config.cc */ = {isa = PBXFileReference; fileEncoding = 4; lastKnownFileType = sourcecode.cpp.cpp; name = "act-config.cc"; path = "../lib/act-config.cc"; sourceTree = "<group>"; };
		571DB9CB17BE67CD0001514C /* act-config.h */ = {isa = PBXFileReference; fileEncoding = 4; lastKnownFileType = sourcecode.c.h; name = "act-config.h"; path = "../lib/act-config.h"; sourceTree = "<group>"; };
		571DB9CC17BE67CD0001514C /* act-database.cc */ = {isa = PBXFileReference; fileEncoding = 4; lastKnownFileType = sourcecode.cpp.cpp; name = "act-database.cc"; path = "../lib/act-database.cc"; sourceTree = "<group>"; };
		571DB9CD17BE67CD0001514C /* act-database.h */ = {isa = PBXFileReference; fileEncoding = 4; lastKnownFileType = sourcecode.c.h; name = "act-database.h"; path = "../lib/act-database.h"; sourceTree = "<group>"; };
		571DB9CE17BE67CD0001514C /* act-format.cc */ = {isa = PBXFileReference; fileEncoding = 4; lastKnownFileType = sourcecode.cpp.cpp; name = "act-format.cc"; path = "../lib/act-format.cc"; sourceTree = "<group>"; };
		571DB9CF17BE67CD0001514C /* act-format.h */ = {isa = PBXFileReference; fileEncoding = 4; lastKnownFileType = sourcecode.c.h; name = "act-format.h"; path = "../lib/act-format.h"; sourceTree = "<group>"; };
		571DB9D017BE67CD0001514C /* act-gps-activity.cc */ = {isa = PBXFileReference; fileEncoding = 4; lastKnownFileType = sourcecode.cpp.cpp; name = "act-gps-activity.cc"; path = "../lib/act-gps-activity.cc"; sourceTree = "<group>"; };
		571DB9D117BE67CD0001514C /* act-gps-activity.h */ = {isa = PBXFileReference; fileEncoding = 4; lastKnownFileType = sourcecode.c.h; name = "act-gps-activity.h"; path = "../lib/act-gps-activity.h"; sourceTree = "<group>"; };
		571DB9D217BE67CD0001514C /* act-gps-fit-parser.cc */ = {isa = PBXFileReference; fileEncoding = 4; lastKnownFileType = sourcecode.cpp.cpp; name = "act-gps-fit-parser.cc"; path = "../lib/act-gps-fit-parser.cc"; sourceTree = "<group>"; };
		571DB9D317BE67CD0001514C /* act-gps-fit-parser.h */ = {isa = PBXFileReference; fileEncoding = 4; lastKnownFileType = sourcecode.c.h; name = "act-gps-fit-parser.h"; path = "../lib/act-gps-fit-parser.h"; sourceTree = "<group>"; };
		571DB9D417BE67CD0001514C /* act-gps-parser.cc */ = {isa = PBXFileReference; fileEncoding = 4; lastKnownFileType = sourcecode.cpp.cpp; name = "act-gps-parser.cc"; path = "../lib/act-gps-parser.cc"; sourceTree = "<group>"; };
		571DB9D517BE67CD0001514C /* act-gps-parser.h */ = {isa = PBXFileReference; fileEncoding = 4; lastKnownFileType = sourcecode.c.h; name = "act-gps-parser.h"; path = "../lib/act-gps-parser.h"; sourceTree = "<group>"; };
		571DB9D617BE67CD0001514C /* act-gps-tcx-parser.cc */ = {isa = PBXFileReference; fileEncoding = 4; lastKnownFileType = sourcecode.cpp.cpp; name = "act-gps-tcx-parser.cc"; path = "../lib/act-gps-tcx-parser.cc"; sourceTree = "<group>"; };
		571DB9D717BE67CD0001514C /* act-gps-tcx-parser.h */ = {isa = PBXFileReference; fileEncoding = 4; lastKnownFileType = sourcecode.c.h; name = "act-gps-tcx-parser.h"; path = "../lib/act-gps-tcx-parser.h"; sourceTree = "<group>"; };
		571DB9D817BE67CD0001514C /* act-output-table.cc */ = {isa = PBXFileReference; fileEncoding = 4; lastKnownFileType = sourcecode.cpp.cpp; name = "act-output-table.cc"; path = "../lib/act-output-table.cc"; sourceTree = "<group>"; };
		571DB9D917BE67CD0001514C /* act-output-table.h */ = {isa = PBXFileReference; fileEncoding = 4; lastKnownFileType = sourcecode.c.h; name = "act-output-table.h"; path = "../lib/act-output-table.h"; sourceTree = "<group>"; };
		571DB9DA17BE67CD0001514C /* act-swap-bytes.h */ = {isa = PBXFileReference; fileEncoding = 4; lastKnownFileType = sourcecode.c.h; name = "act-swap-bytes.h"; path = "../lib/act-swap-bytes.h"; sourceTree = "<group>"; };
		571DB9DB17BE67CD0001514C /* act-types.cc */ = {isa = PBXFileReference; fileEncoding = 4; lastKnownFileType = sourcecode.cpp.cpp; name = "act-types.cc"; path = "../lib/act-types.cc"; sourceTree = "<group>"; };
		571DB9DC17BE67CD0001514C /* act-types.h */ = {isa = PBXFileReference; fileEncoding = 4; lastKnownFileType = sourcecode.c.h; name = "act-types.h"; path = "../lib/act-types.h"; sourceTree = "<group>"; };
		571DB9DD17BE67CD0001514C /* act-util.cc */ = {isa = PBXFileReference; fileEncoding = 4; lastKnownFileType = sourcecode.cpp.cpp; name = "act-util.cc"; path = "../lib/act-util.cc"; sourceTree = "<group>"; };
		571DB9DE17BE67CD0001514C /* act-util.h */ = {isa = PBXFileReference; fileEncoding = 4; lastKnownFileType = sourcecode.c.h; name = "act-util.h"; path = "../lib/act-util.h"; sourceTree = "<group>"; };
		571DB9FD17BE68090001514C /* libxml2.dylib */ = {isa = PBXFileReference; lastKnownFileType = "compiled.mach-o.dylib"; name = libxml2.dylib; path = usr/lib/libxml2.dylib; sourceTree = SDKROOT; };
		571EC4E4188607B000B1B654 /* CoreAnimationExtensions.h */ = {isa = PBXFileReference; fileEncoding = 4; lastKnownFileType = sourcecode.c.h; name = CoreAnimationExtensions.h; path = ../common/CoreAnimationExtensions.h; sourceTree = "<group>"; };
		571EC4E5188607B000B1B654 /* CoreAnimationExtensions.m */ = {isa = PBXFileReference; fileEncoding = 4; lastKnownFileType = sourcecode.c.objc; name = CoreAnimationExtensions.m; path = ../common/CoreAnimationExtensions.m; sourceTree = "<group>"; };
		5730789417C56E54002C5B28 /* ActChartViewController.h */ = {isa = PBXFileReference; fileEncoding = 4; lastKnownFileType = sourcecode.c.h; path = ActChartViewController.h; sourceTree = "<group>"; };
		5730789517C56E54002C5B28 /* ActChartViewController.mm */ = {isa = PBXFileReference; fileEncoding = 4; lastKnownFileType = sourcecode.cpp.objcpp; path = ActChartViewController.mm; sourceTree = "<group>"; };
		5734E187181007EB007BDC1B /* ActColor.h */ = {isa = PBXFileReference; fileEncoding = 4; lastKnownFileType = sourcecode.c.h; path = ActColor.h; sourceTree = "<group>"; };
		5734E188181007EB007BDC1B /* ActColor.mm */ = {isa = PBXFileReference; fileEncoding = 4; lastKnownFileType = sourcecode.cpp.objcpp; path = ActColor.mm; sourceTree = "<group>"; };
		5734E18A18103C5D007BDC1B /* AppKitExtensions.h */ = {isa = PBXFileReference; fileEncoding = 4; lastKnownFileType = sourcecode.c.h; name = AppKitExtensions.h; path = ../common/AppKitExtensions.h; sourceTree = "<group>"; };
		5734E18B18103C5D007BDC1B /* AppKitExtensions.m */ = {isa = PBXFileReference; fileEncoding = 4; lastKnownFileType = sourcecode.c.objc; name = AppKitExtensions.m; path = ../common/AppKitExtensions.m; sourceTree = "<group>"; };
		5736AE55187752DC00EAE652 /* en */ = {isa = PBXFileReference; lastKnownFileType = file.xib; name = en; path = en.lproj/ActWeekView.xib; sourceTree = "<group>"; };
		5736AE5718775A8100EAE652 /* ActWeekViewController.h */ = {isa = PBXFileReference; fileEncoding = 4; lastKnownFileType = sourcecode.c.h; path = ActWeekViewController.h; sourceTree = "<group>"; };
		5736AE5818775A8100EAE652 /* ActWeekViewController.mm */ = {isa = PBXFileReference; fileEncoding = 4; lastKnownFileType = sourcecode.cpp.objcpp; path = ActWeekViewController.mm; sourceTree = "<group>"; };
		5736AE5A1878272700EAE652 /* QuartzCore.framework */ = {isa = PBXFileReference; lastKnownFileType = wrapper.framework; name = QuartzCore.framework; path = System/Library/Frameworks/QuartzCore.framework; sourceTree = SDKROOT; };
		573ABAF31823FC05004FAF17 /* PXSourceList.h */ = {isa = PBXFileReference; fileEncoding = 4; lastKnownFileType = sourcecode.c.h; name = PXSourceList.h; path = ../PXSourceList/PXSourceList.h; sourceTree = "<group>"; };
		573ABAF41823FC05004FAF17 /* PXSourceList.m */ = {isa = PBXFileReference; fileEncoding = 4; lastKnownFileType = sourcecode.c.objc; name = PXSourceList.m; path = ../PXSourceList/PXSourceList.m; sourceTree = "<group>"; };
		573ABAF51823FC05004FAF17 /* PXSourceListDataSource.h */ = {isa = PBXFileReference; fileEncoding = 4; lastKnownFileType = sourcecode.c.h; name = PXSourceListDataSource.h; path = ../PXSourceList/PXSourceListDataSource.h; sourceTree = "<group>"; };
		573ABAF61823FC05004FAF17 /* PXSourceListDelegate.h */ = {isa = PBXFileReference; fileEncoding = 4; lastKnownFileType = sourcecode.c.h; name = PXSourceListDelegate.h; path = ../PXSourceList/PXSourceListDelegate.h; sourceTree = "<group>"; };
		575506181824721D00A69209 /* ActSourceListDeviceItem.h */ = {isa = PBXFileReference; fileEncoding = 4; lastKnownFileType = sourcecode.c.h; path = ActSourceListDeviceItem.h; sourceTree = "<group>"; };
		575506191824721D00A69209 /* ActSourceListDeviceItem.mm */ = {isa = PBXFileReference; fileEncoding = 4; lastKnownFileType = sourcecode.cpp.objcpp; path = ActSourceListDeviceItem.mm; sourceTree = "<group>"; };
		5755061A1824721D00A69209 /* ActSourceListItem.h */ = {isa = PBXFileReference; fileEncoding = 4; lastKnownFileType = sourcecode.c.h; path = ActSourceListItem.h; sourceTree = "<group>"; };
		5755061B1824721D00A69209 /* ActSourceListItem.mm */ = {isa = PBXFileReference; fileEncoding = 4; lastKnownFileType = sourcecode.cpp.objcpp; path = ActSourceListItem.mm; sourceTree = "<group>"; };
		5755061C1824721D00A69209 /* ActSourceListQueryItem.h */ = {isa = PBXFileReference; fileEncoding = 4; lastKnownFileType = sourcecode.c.h; path = ActSourceListQueryItem.h; sourceTree = "<group>"; };
		5755061D1824721D00A69209 /* ActSourceListQueryItem.mm */ = {isa = PBXFileReference; fileEncoding = 4; lastKnownFileType = sourcecode.cpp.objcpp; path = ActSourceListQueryItem.mm; sourceTree = "<group>"; };
		575B3D77187F6DEB003A94E7 /* ActPopoverViewController.h */ = {isa = PBXFileReference; fileEncoding = 4; lastKnownFileType = sourcecode.c.h; path = ActPopoverViewController.h; sourceTree = "<group>"; };
		575B3D78187F6DEB003A94E7 /* ActPopoverViewController.mm */ = {isa = PBXFileReference; fileEncoding = 4; lastKnownFileType = sourcecode.cpp.objcpp; path = ActPopoverViewController.mm; sourceTree = "<group>"; };
		575B3D7B18801F12003A94E7 /* en */ = {isa = PBXFileReference; lastKnownFileType = file.xib; name = en; path = en.lproj/ActPopoverView.xib; sourceTree = "<group>"; };
		57638D4E17DB72EA00BE93AC /* act-intensity-points.cc */ = {isa = PBXFileReference; fileEncoding = 4; lastKnownFileType = sourcecode.cpp.cpp; name = "act-intensity-points.cc"; path = "../lib/act-intensity-points.cc"; sourceTree = "<group>"; };
		57638D4F17DB72EA00BE93AC /* act-intensity-points.h */ = {isa = PBXFileReference; fileEncoding = 4; lastKnownFileType = sourcecode.c.h; name = "act-intensity-points.h"; path = "../lib/act-intensity-points.h"; sourceTree = "<group>"; };
		5769E6D81812D2DD00E3D801 /* ActCollapsibleView.h */ = {isa = PBXFileReference; fileEncoding = 4; lastKnownFileType = sourcecode.c.h; path = ActCollapsibleView.h; sourceTree = "<group>"; };
		5769E6D91812D2DD00E3D801 /* ActCollapsibleView.mm */ = {isa = PBXFileReference; fileEncoding = 4; lastKnownFileType = sourcecode.cpp.objcpp; path = ActCollapsibleView.mm; sourceTree = "<group>"; };
		5769E6DB1812D52D00E3D801 /* ActViewLayout.h */ = {isa = PBXFileReference; fileEncoding = 4; lastKnownFileType = sourcecode.c.h; path = ActViewLayout.h; sourceTree = "<group>"; };
		5769E6DC1812D52D00E3D801 /* ActViewLayout.mm */ = {isa = PBXFileReference; fileEncoding = 4; lastKnownFileType = sourcecode.cpp.objcpp; path = ActViewLayout.mm; sourceTree = "<group>"; };
		57707AE217DFBC4C009BAC5D /* ActMapSource.h */ = {isa = PBXFileReference; fileEncoding = 4; lastKnownFileType = sourcecode.c.h; path = ActMapSource.h; sourceTree = "<group>"; };
		57707AE317DFBC4C009BAC5D /* ActMapSource.mm */ = {isa = PBXFileReference; fileEncoding = 4; lastKnownFileType = sourcecode.cpp.objcpp; path = ActMapSource.mm; sourceTree = "<group>"; };
		57707AE417DFBC4C009BAC5D /* ActMapView.h */ = {isa = PBXFileReference; fileEncoding = 4; lastKnownFileType = sourcecode.c.h; path = ActMapView.h; sourceTree = "<group>"; };
		57707AE517DFBC4C009BAC5D /* ActMapView.mm */ = {isa = PBXFileReference; fileEncoding = 4; lastKnownFileType = sourcecode.cpp.objcpp; path = ActMapView.mm; sourceTree = "<group>"; };
		57707AE617DFBC4C009BAC5D /* ActTileJSONMapSource.h */ = {isa = PBXFileReference; fileEncoding = 4; lastKnownFileType = sourcecode.c.h; path = ActTileJSONMapSource.h; sourceTree = "<group>"; };
		57707AE717DFBC4C009BAC5D /* ActTileJSONMapSource.mm */ = {isa = PBXFileReference; fileEncoding = 4; lastKnownFileType = sourcecode.cpp.objcpp; path = ActTileJSONMapSource.mm; sourceTree = "<group>"; };
		57707AEB17DFBF99009BAC5D /* ActMapViewController.h */ = {isa = PBXFileReference; fileEncoding = 4; lastKnownFileType = sourcecode.c.h; path = ActMapViewController.h; sourceTree = "<group>"; };
		57707AEC17DFBF99009BAC5D /* ActMapViewController.mm */ = {isa = PBXFileReference; fileEncoding = 4; lastKnownFileType = sourcecode.cpp.objcpp; path = ActMapViewController.mm; sourceTree = "<group>"; };
		578D797817E75DE300E50C29 /* ActSummaryViewController.h */ = {isa = PBXFileReference; fileEncoding = 4; lastKnownFileType = sourcecode.c.h; path = ActSummaryViewController.h; sourceTree = "<group>"; };
		578D797917E75DE300E50C29 /* ActSummaryViewController.mm */ = {isa = PBXFileReference; fileEncoding = 4; lastKnownFileType = sourcecode.cpp.objcpp; path = ActSummaryViewController.mm; sourceTree = "<group>"; };
		578D797B17E7671000E50C29 /* ActHorizontalBoxView.h */ = {isa = PBXFileReference; fileEncoding = 4; lastKnownFileType = sourcecode.c.h; path = ActHorizontalBoxView.h; sourceTree = "<group>"; };
		578D797C17E7671000E50C29 /* ActHorizontalBoxView.mm */ = {isa = PBXFileReference; fileEncoding = 4; lastKnownFileType = sourcecode.cpp.objcpp; path = ActHorizontalBoxView.mm; sourceTree = "<group>"; };
		57921A5617BEAEF0001AD35D /* en */ = {isa = PBXFileReference; lastKnownFileType = file.xib; name = en; path = en.lproj/ActWindow.xib; sourceTree = "<group>"; };
		57921A5817BEAF48001AD35D /* ActWindowController.h */ = {isa = PBXFileReference; fileEncoding = 4; lastKnownFileType = sourcecode.c.h; path = ActWindowController.h; sourceTree = "<group>"; };
		57921A5917BEAF48001AD35D /* ActWindowController.mm */ = {isa = PBXFileReference; fileEncoding = 4; lastKnownFileType = sourcecode.cpp.objcpp; path = ActWindowController.mm; sourceTree = "<group>"; };
		579772E317C4F63900AA2E9D /* ActHeaderView.h */ = {isa = PBXFileReference; fileEncoding = 4; lastKnownFileType = sourcecode.c.h; path = ActHeaderView.h; sourceTree = "<group>"; };
		579772E417C4F63900AA2E9D /* ActHeaderView.mm */ = {isa = PBXFileReference; fileEncoding = 4; lastKnownFileType = sourcecode.cpp.objcpp; path = ActHeaderView.mm; sourceTree = "<group>"; };
		579772E617C4FB0A00AA2E9D /* ActHeaderFieldView.h */ = {isa = PBXFileReference; fileEncoding = 4; lastKnownFileType = sourcecode.c.h; path = ActHeaderFieldView.h; sourceTree = "<group>"; };
		579772E717C4FB0A00AA2E9D /* ActHeaderFieldView.mm */ = {isa = PBXFileReference; fileEncoding = 4; lastKnownFileType = sourcecode.cpp.objcpp; path = ActHeaderFieldView.mm; sourceTree = "<group>"; };
		579772E917C5015600AA2E9D /* FoundationExtensions.h */ = {isa = PBXFileReference; fileEncoding = 4; lastKnownFileType = sourcecode.c.h; name = FoundationExtensions.h; path = ../common/FoundationExtensions.h; sourceTree = "<group>"; };
		579772EA17C5015600AA2E9D /* FoundationExtensions.m */ = {isa = PBXFileReference; fileEncoding = 4; lastKnownFileType = sourcecode.c.objc; name = FoundationExtensions.m; path = ../common/FoundationExtensions.m; sourceTree = "<group>"; };
		57A1FE8B187C10CA0077629E /* chart-view-chart.mm */ = {isa = PBXFileReference; fileEncoding = 4; lastKnownFileType = sourcecode.cpp.objcpp; path = "chart-view-chart.mm"; sourceTree = "<group>"; };
		57A1FE8C187C10CA0077629E /* chart-view-chart.h */ = {isa = PBXFileReference; fileEncoding = 4; lastKnownFileType = sourcecode.c.h; path = "chart-view-chart.h"; sourceTree = "<group>"; };
		57A7352617CF8A3B0054E3EB /* ActLapViewController.h */ = {isa = PBXFileReference; fileEncoding = 4; lastKnownFileType = sourcecode.c.h; path = ActLapViewController.h; sourceTree = "<group>"; };
		57A7352717CF8A3B0054E3EB /* ActLapViewController.mm */ = {isa = PBXFileReference; fileEncoding = 4; lastKnownFileType = sourcecode.cpp.objcpp; path = ActLapViewController.mm; sourceTree = "<group>"; };
		57B51B08180DFC18004F1A1D /* en */ = {isa = PBXFileReference; lastKnownFileType = file.xib; name = en; path = en.lproj/ActActivityView.xib; sourceTree = "<group>"; };
		57B51B0A180DFC63004F1A1D /* ActActivityViewController.h */ = {isa = PBXFileReference; fileEncoding = 4; lastKnownFileType = sourcecode.c.h; path = ActActivityViewController.h; sourceTree = "<group>"; };
		57B51B0B180DFC63004F1A1D /* ActActivityViewController.mm */ = {isa = PBXFileReference; fileEncoding = 4; lastKnownFileType = sourcecode.cpp.objcpp; path = ActActivityViewController.mm; sourceTree = "<group>"; };
		57C5705A17EB18CB0000AF8D /* ActTableView.h */ = {isa = PBXFileReference; fileEncoding = 4; lastKnownFileType = sourcecode.c.h; path = ActTableView.h; sourceTree = "<group>"; };
		57C5705B17EB18CB0000AF8D /* ActTableView.mm */ = {isa = PBXFileReference; fileEncoding = 4; lastKnownFileType = sourcecode.cpp.objcpp; path = ActTableView.mm; sourceTree = "<group>"; };
		57C7828417EF2F21003413EA /* act-new.cc */ = {isa = PBXFileReference; fileEncoding = 4; lastKnownFileType = sourcecode.cpp.cpp; name = "act-new.cc"; path = "../lib/act-new.cc"; sourceTree = "<group>"; };
		57C7828517EF2F21003413EA /* act-new.h */ = {isa = PBXFileReference; fileEncoding = 4; lastKnownFileType = sourcecode.c.h; name = "act-new.h"; path = "../lib/act-new.h"; sourceTree = "<group>"; };
		57C8663117F096BC00241C7D /* ActTextField.h */ = {isa = PBXFileReference; fileEncoding = 4; lastKnownFileType = sourcecode.c.h; path = ActTextField.h; sourceTree = "<group>"; };
		57C8663217F096BC00241C7D /* ActTextField.mm */ = {isa = PBXFileReference; fileEncoding = 4; lastKnownFileType = sourcecode.cpp.objcpp; path = ActTextField.mm; sourceTree = "<group>"; };
		57DB7BA817E0D4790093C735 /* defaults.plist */ = {isa = PBXFileReference; fileEncoding = 4; lastKnownFileType = text.plist.xml; name = defaults.plist; path = resources/defaults.plist; sourceTree = "<group>"; };
		57DB7BA917E0D4790093C735 /* hikebikemap-tiles.json */ = {isa = PBXFileReference; fileEncoding = 4; lastKnownFileType = text.json; name = "hikebikemap-tiles.json"; path = "resources/hikebikemap-tiles.json"; sourceTree = "<group>"; };
		57DB7BAA17E0D4790093C735 /* mapquest-map-tiles.json */ = {isa = PBXFileReference; fileEncoding = 4; lastKnownFileType = text.json; name = "mapquest-map-tiles.json"; path = "resources/mapquest-map-tiles.json"; sourceTree = "<group>"; };
		57DB7BAB17E0D4790093C735 /* mapquest-sat-tiles.json */ = {isa = PBXFileReference; fileEncoding = 4; lastKnownFileType = text.json; name = "mapquest-sat-tiles.json"; path = "resources/mapquest-sat-tiles.json"; sourceTree = "<group>"; };
		57DB7BAC17E0D4790093C735 /* opencyclemap-tiles.json */ = {isa = PBXFileReference; fileEncoding = 4; lastKnownFileType = text.json; name = "opencyclemap-tiles.json"; path = "resources/opencyclemap-tiles.json"; sourceTree = "<group>"; };
		57DB7BAD17E0D4790093C735 /* openstreetmap-tiles.json */ = {isa = PBXFileReference; fileEncoding = 4; lastKnownFileType = text.json; name = "openstreetmap-tiles.json"; path = "resources/openstreetmap-tiles.json"; sourceTree = "<group>"; };
		57DCE3FB17F31D7D0072C67B /* app-icon.icns */ = {isa = PBXFileReference; lastKnownFileType = image.icns; name = "app-icon.icns"; path = "resources/app-icon.icns"; sourceTree = "<group>"; };
		57E44D101822B6AF006A58B4 /* ActDevice.h */ = {isa = PBXFileReference; fileEncoding = 4; lastKnownFileType = sourcecode.c.h; path = ActDevice.h; sourceTree = "<group>"; };
		57E44D111822B6AF006A58B4 /* ActDevice.mm */ = {isa = PBXFileReference; fileEncoding = 4; lastKnownFileType = sourcecode.cpp.objcpp; path = ActDevice.mm; sourceTree = "<group>"; };
		57E44D121822B6AF006A58B4 /* ActDeviceManager.h */ = {isa = PBXFileReference; fileEncoding = 4; lastKnownFileType = sourcecode.c.h; path = ActDeviceManager.h; sourceTree = "<group>"; };
		57E44D131822B6AF006A58B4 /* ActDeviceManager.mm */ = {isa = PBXFileReference; fileEncoding = 4; lastKnownFileType = sourcecode.cpp.objcpp; path = ActDeviceManager.mm; sourceTree = "<group>"; };
		57E44D141822B6AF006A58B4 /* ActGarminDevice.h */ = {isa = PBXFileReference; fileEncoding = 4; lastKnownFileType = sourcecode.c.h; path = ActGarminDevice.h; sourceTree = "<group>"; };
		57E44D151822B6AF006A58B4 /* ActGarminDevice.mm */ = {isa = PBXFileReference; fileEncoding = 4; lastKnownFileType = sourcecode.cpp.objcpp; path = ActGarminDevice.mm; sourceTree = "<group>"; };
		57E44D191822D630006A58B4 /* ActImporterViewController.h */ = {isa = PBXFileReference; fileEncoding = 4; lastKnownFileType = sourcecode.c.h; path = ActImporterViewController.h; sourceTree = "<group>"; };
		57E44D1A1822D630006A58B4 /* ActImporterViewController.mm */ = {isa = PBXFileReference; fileEncoding = 4; lastKnownFileType = sourcecode.cpp.objcpp; path = ActImporterViewController.mm; sourceTree = "<group>"; };
		57E44D1B1822D630006A58B4 /* ActViewerViewController.h */ = {isa = PBXFileReference; fileEncoding = 4; lastKnownFileType = sourcecode.c.h; path = ActViewerViewController.h; sourceTree = "<group>"; };
		57E44D1C1822D630006A58B4 /* ActViewerViewController.mm */ = {isa = PBXFileReference; fileEncoding = 4; lastKnownFileType = sourcecode.cpp.objcpp; path = ActViewerViewController.mm; sourceTree = "<group>"; };
		57E44D201822D70E006A58B4 /* en */ = {isa = PBXFileReference; lastKnownFileType = file.xib; name = en; path = en.lproj/ActImporterView.xib; sourceTree = "<group>"; };
		57E44D231822D73A006A58B4 /* en */ = {isa = PBXFileReference; lastKnownFileType = file.xib; name = en; path = en.lproj/ActViewerView.xib; sourceTree = "<group>"; };
/* End PBXFileReference section */

/* Begin PBXFrameworksBuildPhase section */
		571DB98C17BE615C0001514C /* Frameworks */ = {
			isa = PBXFrameworksBuildPhase;
			buildActionMask = 2147483647;
			files = (
				571DB9FF17BE689D0001514C /* libact.a in Frameworks */,
				571DB9AF17BE63AC0001514C /* AppKit.framework in Frameworks */,
				571DB9B017BE63AF0001514C /* Foundation.framework in Frameworks */,
				5736AE5B1878272700EAE652 /* QuartzCore.framework in Frameworks */,
				570E6AD217F71B4F00A5BB4D /* libsqlite3.dylib in Frameworks */,
				571DBA0317BE6B6C0001514C /* libxml2.dylib in Frameworks */,
			);
			runOnlyForDeploymentPostprocessing = 0;
		};
		571DBA0217BE68E60001514C /* Frameworks */ = {
			isa = PBXFrameworksBuildPhase;
			buildActionMask = 2147483647;
			files = (
			);
			runOnlyForDeploymentPostprocessing = 0;
		};
/* End PBXFrameworksBuildPhase section */

/* Begin PBXGroup section */
		571DB98617BE615C0001514C = {
			isa = PBXGroup;
			children = (
				571DB99817BE615C0001514C /* Classes */,
				57D0CE1E188AD08300EA48FC /* Common */,
				571DB9B817BE671A0001514C /* Library */,
				573ABAF21823FBBF004FAF17 /* PXSourceList */,
				57DB7BB417E0D5300093C735 /* Nibs */,
				571DB9B717BE66CC0001514C /* Resources */,
				571DB99917BE615C0001514C /* Supporting Files */,
				571DB99117BE615C0001514C /* Frameworks */,
				571DB99017BE615C0001514C /* Products */,
			);
			sourceTree = "<group>";
		};
		571DB99017BE615C0001514C /* Products */ = {
			isa = PBXGroup;
			children = (
				571DB98F17BE615C0001514C /* Activities.app */,
				571DB9BD17BE67850001514C /* libact.a */,
			);
			name = Products;
			sourceTree = SOURCE_ROOT;
		};
		571DB99117BE615C0001514C /* Frameworks */ = {
			isa = PBXGroup;
			children = (
				5736AE5A1878272700EAE652 /* QuartzCore.framework */,
				570E6AD117F71B4F00A5BB4D /* libsqlite3.dylib */,
				571DB99517BE615C0001514C /* AppKit.framework */,
				571DB99717BE615C0001514C /* Foundation.framework */,
				571DB9FD17BE68090001514C /* libxml2.dylib */,
			);
			name = Frameworks;
			sourceTree = SOURCE_ROOT;
		};
		571DB99817BE615C0001514C /* Classes */ = {
			isa = PBXGroup;
			children = (
				571DB9A417BE615C0001514C /* ActAppDelegate.h */,
				571DB9A517BE615C0001514C /* ActAppDelegate.mm */,
				57E44D101822B6AF006A58B4 /* ActDevice.h */,
				57E44D111822B6AF006A58B4 /* ActDevice.mm */,
				57E44D121822B6AF006A58B4 /* ActDeviceManager.h */,
				57E44D131822B6AF006A58B4 /* ActDeviceManager.mm */,
				57E44D141822B6AF006A58B4 /* ActGarminDevice.h */,
				57E44D151822B6AF006A58B4 /* ActGarminDevice.mm */,
				57921A5817BEAF48001AD35D /* ActWindowController.h */,
				57921A5917BEAF48001AD35D /* ActWindowController.mm */,
				5755061A1824721D00A69209 /* ActSourceListItem.h */,
				5755061B1824721D00A69209 /* ActSourceListItem.mm */,
				575506181824721D00A69209 /* ActSourceListDeviceItem.h */,
				575506191824721D00A69209 /* ActSourceListDeviceItem.mm */,
				5755061C1824721D00A69209 /* ActSourceListQueryItem.h */,
				5755061D1824721D00A69209 /* ActSourceListQueryItem.mm */,
				570E6ABC17F4711500A5BB4D /* ActViewController.h */,
				570E6ABD17F4711500A5BB4D /* ActViewController.mm */,
				57E44D1B1822D630006A58B4 /* ActViewerViewController.h */,
				57E44D1C1822D630006A58B4 /* ActViewerViewController.mm */,
				57E44D191822D630006A58B4 /* ActImporterViewController.h */,
				57E44D1A1822D630006A58B4 /* ActImporterViewController.mm */,
				571DB9B117BE66A60001514C /* ActListViewController.h */,
				571DB9B217BE66A60001514C /* ActListViewController.mm */,
				57193D4417FDFC9D009634B4 /* ActNotesListViewController.h */,
				57193D4517FDFC9D009634B4 /* ActNotesListViewController.mm */,
				5736AE5718775A8100EAE652 /* ActWeekViewController.h */,
				5736AE5818775A8100EAE652 /* ActWeekViewController.mm */,
				57B51B0A180DFC63004F1A1D /* ActActivityViewController.h */,
				57B51B0B180DFC63004F1A1D /* ActActivityViewController.mm */,
				5730789417C56E54002C5B28 /* ActChartViewController.h */,
				5730789517C56E54002C5B28 /* ActChartViewController.mm */,
				57193D4B1801A4C9009634B4 /* ActHeaderViewController.h */,
				57193D4C1801A4C9009634B4 /* ActHeaderViewController.mm */,
				57A7352617CF8A3B0054E3EB /* ActLapViewController.h */,
				57A7352717CF8A3B0054E3EB /* ActLapViewController.mm */,
				57707AEB17DFBF99009BAC5D /* ActMapViewController.h */,
				57707AEC17DFBF99009BAC5D /* ActMapViewController.mm */,
				578D797817E75DE300E50C29 /* ActSummaryViewController.h */,
				578D797917E75DE300E50C29 /* ActSummaryViewController.mm */,
				575B3D77187F6DEB003A94E7 /* ActPopoverViewController.h */,
				575B3D78187F6DEB003A94E7 /* ActPopoverViewController.mm */,
				5769E6D81812D2DD00E3D801 /* ActCollapsibleView.h */,
				5769E6D91812D2DD00E3D801 /* ActCollapsibleView.mm */,
				5734E187181007EB007BDC1B /* ActColor.h */,
				5734E188181007EB007BDC1B /* ActColor.mm */,
				579772E317C4F63900AA2E9D /* ActHeaderView.h */,
				579772E417C4F63900AA2E9D /* ActHeaderView.mm */,
				579772E617C4FB0A00AA2E9D /* ActHeaderFieldView.h */,
				579772E717C4FB0A00AA2E9D /* ActHeaderFieldView.mm */,
				5711D4A717EA09B6003157AF /* ActSplitView.h */,
				5711D4A817EA09B6003157AF /* ActSplitView.mm */,
				57C8663117F096BC00241C7D /* ActTextField.h */,
				57C8663217F096BC00241C7D /* ActTextField.mm */,
				578D797B17E7671000E50C29 /* ActHorizontalBoxView.h */,
				578D797C17E7671000E50C29 /* ActHorizontalBoxView.mm */,
				57707AE217DFBC4C009BAC5D /* ActMapSource.h */,
				57707AE317DFBC4C009BAC5D /* ActMapSource.mm */,
				57707AE417DFBC4C009BAC5D /* ActMapView.h */,
				57707AE517DFBC4C009BAC5D /* ActMapView.mm */,
				57707AE617DFBC4C009BAC5D /* ActTileJSONMapSource.h */,
				57707AE717DFBC4C009BAC5D /* ActTileJSONMapSource.mm */,
				57C5705A17EB18CB0000AF8D /* ActTableView.h */,
				57C5705B17EB18CB0000AF8D /* ActTableView.mm */,
				570E6ACE17F717FB00A5BB4D /* ActURLCache.h */,
				570E6ACF17F717FB00A5BB4D /* ActURLCache.m */,
				5769E6DB1812D52D00E3D801 /* ActViewLayout.h */,
				5769E6DC1812D52D00E3D801 /* ActViewLayout.mm */,
			);
			name = Classes;
			sourceTree = SOURCE_ROOT;
		};
		571DB99917BE615C0001514C /* Supporting Files */ = {
			isa = PBXGroup;
			children = (
				571DB99B17BE615C0001514C /* InfoPlist.strings */,
				571DB99E17BE615C0001514C /* main.m */,
				571DB9A017BE615C0001514C /* Activities-Prefix.pch */,
			);
			name = "Supporting Files";
			sourceTree = SOURCE_ROOT;
		};
		571DB9B717BE66CC0001514C /* Resources */ = {
			isa = PBXGroup;
			children = (
				57DCE3FB17F31D7D0072C67B /* app-icon.icns */,
				571DB99A17BE615C0001514C /* Activities-Info.plist */,
				57DB7BA817E0D4790093C735 /* defaults.plist */,
				57DB7BA917E0D4790093C735 /* hikebikemap-tiles.json */,
				57DB7BAA17E0D4790093C735 /* mapquest-map-tiles.json */,
				57DB7BAB17E0D4790093C735 /* mapquest-sat-tiles.json */,
				57DB7BAC17E0D4790093C735 /* opencyclemap-tiles.json */,
				57DB7BAD17E0D4790093C735 /* openstreetmap-tiles.json */,
			);
			name = Resources;
			sourceTree = SOURCE_ROOT;
		};
		571DB9B817BE671A0001514C /* Library */ = {
			isa = PBXGroup;
			children = (
				571DB9C117BE67CD0001514C /* act-activity-accum.cc */,
				571DB9C217BE67CD0001514C /* act-activity-accum.h */,
				571DB9C317BE67CD0001514C /* act-activity-storage.cc */,
				571DB9C417BE67CD0001514C /* act-activity-storage.h */,
				571DB9C517BE67CD0001514C /* act-activity.cc */,
				571DB9C617BE67CD0001514C /* act-activity.h */,
				571DB9C717BE67CD0001514C /* act-arguments.cc */,
				571DB9C817BE67CD0001514C /* act-arguments.h */,
				571DB9C917BE67CD0001514C /* act-base.h */,
				571DB9CA17BE67CD0001514C /* act-config.cc */,
				571DB9CB17BE67CD0001514C /* act-config.h */,
				571DB9CC17BE67CD0001514C /* act-database.cc */,
				571DB9CD17BE67CD0001514C /* act-database.h */,
				571DB9CE17BE67CD0001514C /* act-format.cc */,
				571DB9CF17BE67CD0001514C /* act-format.h */,
				571DB9D017BE67CD0001514C /* act-gps-activity.cc */,
				571DB9D117BE67CD0001514C /* act-gps-activity.h */,
				571DB9D217BE67CD0001514C /* act-gps-fit-parser.cc */,
				571DB9D317BE67CD0001514C /* act-gps-fit-parser.h */,
				571DB9D417BE67CD0001514C /* act-gps-parser.cc */,
				571DB9D517BE67CD0001514C /* act-gps-parser.h */,
				571DB9D617BE67CD0001514C /* act-gps-tcx-parser.cc */,
				571DB9D717BE67CD0001514C /* act-gps-tcx-parser.h */,
				57638D4E17DB72EA00BE93AC /* act-intensity-points.cc */,
				57638D4F17DB72EA00BE93AC /* act-intensity-points.h */,
				57C7828417EF2F21003413EA /* act-new.cc */,
				57C7828517EF2F21003413EA /* act-new.h */,
				571DB9D817BE67CD0001514C /* act-output-table.cc */,
				571DB9D917BE67CD0001514C /* act-output-table.h */,
				571DB9DA17BE67CD0001514C /* act-swap-bytes.h */,
				571DB9DB17BE67CD0001514C /* act-types.cc */,
				571DB9DC17BE67CD0001514C /* act-types.h */,
				571DB9DD17BE67CD0001514C /* act-util.cc */,
				571DB9DE17BE67CD0001514C /* act-util.h */,
			);
			name = Library;
			sourceTree = SOURCE_ROOT;
		};
		573ABAF21823FBBF004FAF17 /* PXSourceList */ = {
			isa = PBXGroup;
			children = (
				573ABAF31823FC05004FAF17 /* PXSourceList.h */,
				573ABAF41823FC05004FAF17 /* PXSourceList.m */,
				573ABAF51823FC05004FAF17 /* PXSourceListDataSource.h */,
				573ABAF61823FC05004FAF17 /* PXSourceListDelegate.h */,
			);
			name = PXSourceList;
			sourceTree = SOURCE_ROOT;
		};
		57D0CE1E188AD08300EA48FC /* Common */ = {
			isa = PBXGroup;
			children = (
				579772E917C5015600AA2E9D /* FoundationExtensions.h */,
				579772EA17C5015600AA2E9D /* FoundationExtensions.m */,
				5734E18A18103C5D007BDC1B /* AppKitExtensions.h */,
				5734E18B18103C5D007BDC1B /* AppKitExtensions.m */,
				571EC4E4188607B000B1B654 /* CoreAnimationExtensions.h */,
				571EC4E5188607B000B1B654 /* CoreAnimationExtensions.m */,
				57A1FE8B187C10CA0077629E /* chart-view-chart.mm */,
				57A1FE8C187C10CA0077629E /* chart-view-chart.h */,
				57193D4A17FF2469009634B4 /* objc-ptr.h */,
			);
			name = Common;
			sourceTree = "<group>";
		};
		57DB7BB417E0D5300093C735 /* Nibs */ = {
			isa = PBXGroup;
			children = (
				571DB9A717BE615C0001514C /* MainMenu.xib */,
				57921A5517BEAEF0001AD35D /* ActWindow.xib */,
				57E44D221822D73A006A58B4 /* ActViewerView.xib */,
				57E44D1F1822D70E006A58B4 /* ActImporterView.xib */,
				57B51B07180DFC18004F1A1D /* ActActivityView.xib */,
				570E6AC817F4793700A5BB4D /* ActChartView.xib */,
				57193D501801A514009634B4 /* ActHeaderView.xib */,
				570E6AC217F473C600A5BB4D /* ActLapView.xib */,
				570E6ACB17F47A9C00A5BB4D /* ActListView.xib */,
				57193D4717FDFCAE009634B4 /* ActNotesListView.xib */,
				5736AE54187752DC00EAE652 /* ActWeekView.xib */,
				570E6ABF17F472E800A5BB4D /* ActMapView.xib */,
				570E6AC517F474F700A5BB4D /* ActSummaryView.xib */,
				575B3D7A18801F12003A94E7 /* ActPopoverView.xib */,
			);
			name = Nibs;
			sourceTree = SOURCE_ROOT;
		};
/* End PBXGroup section */

/* Begin PBXHeadersBuildPhase section */
		571DB9BB17BE67850001514C /* Headers */ = {
			isa = PBXHeadersBuildPhase;
			buildActionMask = 2147483647;
			files = (
			);
			runOnlyForDeploymentPostprocessing = 0;
		};
/* End PBXHeadersBuildPhase section */

/* Begin PBXNativeTarget section */
		571DB98E17BE615C0001514C /* Activities */ = {
			isa = PBXNativeTarget;
			buildConfigurationList = 571DB9AC17BE615C0001514C /* Build configuration list for PBXNativeTarget "Activities" */;
			buildPhases = (
				571DB98B17BE615C0001514C /* Sources */,
				571DB98C17BE615C0001514C /* Frameworks */,
				571DB98D17BE615C0001514C /* Resources */,
			);
			buildRules = (
			);
			dependencies = (
				571DBA0117BE68A60001514C /* PBXTargetDependency */,
			);
			name = Activities;
			productName = Activities;
			productReference = 571DB98F17BE615C0001514C /* Activities.app */;
			productType = "com.apple.product-type.application";
		};
		571DB9BC17BE67850001514C /* libact */ = {
			isa = PBXNativeTarget;
			buildConfigurationList = 571DB9BE17BE67850001514C /* Build configuration list for PBXNativeTarget "libact" */;
			buildPhases = (
				571DB9B917BE67850001514C /* Sources */,
				571DBA0217BE68E60001514C /* Frameworks */,
				571DB9BB17BE67850001514C /* Headers */,
			);
			buildRules = (
			);
			dependencies = (
			);
			name = libact;
			productName = libact;
			productReference = 571DB9BD17BE67850001514C /* libact.a */;
			productType = "com.apple.product-type.library.static";
		};
/* End PBXNativeTarget section */

/* Begin PBXProject section */
		571DB98717BE615C0001514C /* Project object */ = {
			isa = PBXProject;
			attributes = {
				CLASSPREFIX = Act;
				LastUpgradeCheck = 0500;
				ORGANIZATIONNAME = Unfactored;
			};
			buildConfigurationList = 571DB98A17BE615C0001514C /* Build configuration list for PBXProject "Activities" */;
			compatibilityVersion = "Xcode 3.2";
			developmentRegion = English;
			hasScannedForEncodings = 0;
			knownRegions = (
				en,
			);
			mainGroup = 571DB98617BE615C0001514C;
			productRefGroup = 571DB99017BE615C0001514C /* Products */;
			projectDirPath = "";
			projectRoot = "";
			targets = (
				571DB98E17BE615C0001514C /* Activities */,
				571DB9BC17BE67850001514C /* libact */,
			);
		};
/* End PBXProject section */

/* Begin PBXResourcesBuildPhase section */
		571DB98D17BE615C0001514C /* Resources */ = {
			isa = PBXResourcesBuildPhase;
			buildActionMask = 2147483647;
			files = (
				571DB99D17BE615C0001514C /* InfoPlist.strings in Resources */,
				571DB9A917BE615C0001514C /* MainMenu.xib in Resources */,
				57DCE3FC17F31D7D0072C67B /* app-icon.icns in Resources */,
				57E44D241822D73A006A58B4 /* ActViewerView.xib in Resources */,
				570E6ACD17F47A9C00A5BB4D /* ActListView.xib in Resources */,
				57B51B09180DFC18004F1A1D /* ActActivityView.xib in Resources */,
				57921A5717BEAEF0001AD35D /* ActWindow.xib in Resources */,
				570E6AC117F472E800A5BB4D /* ActMapView.xib in Resources */,
				570E6AC417F473C600A5BB4D /* ActLapView.xib in Resources */,
				575B3D7C18801F12003A94E7 /* ActPopoverView.xib in Resources */,
				57DB7BAE17E0D4790093C735 /* defaults.plist in Resources */,
				57DB7BAF17E0D4790093C735 /* hikebikemap-tiles.json in Resources */,
				57DB7BB017E0D4790093C735 /* mapquest-map-tiles.json in Resources */,
				57DB7BB117E0D4790093C735 /* mapquest-sat-tiles.json in Resources */,
				57DB7BB217E0D4790093C735 /* opencyclemap-tiles.json in Resources */,
				57E44D211822D70E006A58B4 /* ActImporterView.xib in Resources */,
				57193D521801A514009634B4 /* ActHeaderView.xib in Resources */,
				5736AE56187752DC00EAE652 /* ActWeekView.xib in Resources */,
				57DB7BB317E0D4790093C735 /* openstreetmap-tiles.json in Resources */,
				57193D4917FDFCAE009634B4 /* ActNotesListView.xib in Resources */,
				570E6AC717F474F700A5BB4D /* ActSummaryView.xib in Resources */,
				570E6ACA17F4793700A5BB4D /* ActChartView.xib in Resources */,
			);
			runOnlyForDeploymentPostprocessing = 0;
		};
/* End PBXResourcesBuildPhase section */

/* Begin PBXSourcesBuildPhase section */
		571DB98B17BE615C0001514C /* Sources */ = {
			isa = PBXSourcesBuildPhase;
			buildActionMask = 2147483647;
			files = (
				57A1FE8D187C10CA0077629E /* chart-view-chart.mm in Sources */,
				57E44D181822B6AF006A58B4 /* ActGarminDevice.mm in Sources */,
				571EC4E6188607B000B1B654 /* CoreAnimationExtensions.m in Sources */,
				57E44D1E1822D630006A58B4 /* ActViewerViewController.mm in Sources */,
				571DB99F17BE615C0001514C /* main.m in Sources */,
				5769E6DD1812D52D00E3D801 /* ActViewLayout.mm in Sources */,
				571DB9A617BE615C0001514C /* ActAppDelegate.mm in Sources */,
				57E44D171822B6AF006A58B4 /* ActDeviceManager.mm in Sources */,
				57193D4D1801A4C9009634B4 /* ActHeaderViewController.mm in Sources */,
				571DB9B517BE66A60001514C /* ActListViewController.mm in Sources */,
				57921A5A17BEAF48001AD35D /* ActWindowController.mm in Sources */,
				579772E517C4F63900AA2E9D /* ActHeaderView.mm in Sources */,
				5755061E1824721D00A69209 /* ActSourceListDeviceItem.mm in Sources */,
				579772E817C4FB0A00AA2E9D /* ActHeaderFieldView.mm in Sources */,
				579772EB17C5015600AA2E9D /* FoundationExtensions.m in Sources */,
				5734E18C18103C5D007BDC1B /* AppKitExtensions.m in Sources */,
				5730789617C56E54002C5B28 /* ActChartViewController.mm in Sources */,
				57E44D161822B6AF006A58B4 /* ActDevice.mm in Sources */,
				57B51B0C180DFC63004F1A1D /* ActActivityViewController.mm in Sources */,
				57A7352817CF8A3B0054E3EB /* ActLapViewController.mm in Sources */,
				57E44D1D1822D630006A58B4 /* ActImporterViewController.mm in Sources */,
				57707AE817DFBC4C009BAC5D /* ActMapSource.mm in Sources */,
				57707AE917DFBC4C009BAC5D /* ActMapView.mm in Sources */,
				57707AEA17DFBC4C009BAC5D /* ActTileJSONMapSource.mm in Sources */,
				5736AE5918775A8100EAE652 /* ActWeekViewController.mm in Sources */,
				57707AED17DFBF99009BAC5D /* ActMapViewController.mm in Sources */,
				5755061F1824721D00A69209 /* ActSourceListItem.mm in Sources */,
				575B3D79187F6DEB003A94E7 /* ActPopoverViewController.mm in Sources */,
				578D797A17E75DE300E50C29 /* ActSummaryViewController.mm in Sources */,
				570E6AD017F717FB00A5BB4D /* ActURLCache.m in Sources */,
				575506201824721D00A69209 /* ActSourceListQueryItem.mm in Sources */,
				5734E189181007EB007BDC1B /* ActColor.mm in Sources */,
				570E6ABE17F4711500A5BB4D /* ActViewController.mm in Sources */,
				578D797D17E7671000E50C29 /* ActHorizontalBoxView.mm in Sources */,
				57193D4617FDFC9D009634B4 /* ActNotesListViewController.mm in Sources */,
				5711D4A917EA09B6003157AF /* ActSplitView.mm in Sources */,
				5769E6DA1812D2DD00E3D801 /* ActCollapsibleView.mm in Sources */,
				573ABAF71823FC05004FAF17 /* PXSourceList.m in Sources */,
				57C5705C17EB18CB0000AF8D /* ActTableView.mm in Sources */,
				57C7828617EF2F21003413EA /* act-new.cc in Sources */,
				57C8663317F096BC00241C7D /* ActTextField.mm in Sources */,
			);
			runOnlyForDeploymentPostprocessing = 0;
		};
		571DB9B917BE67850001514C /* Sources */ = {
			isa = PBXSourcesBuildPhase;
			buildActionMask = 2147483647;
			files = (
				571DB9DF17BE67CD0001514C /* act-activity-accum.cc in Sources */,
				571DB9E117BE67CD0001514C /* act-activity-storage.cc in Sources */,
				571DB9E317BE67CD0001514C /* act-activity.cc in Sources */,
				571DB9E517BE67CD0001514C /* act-arguments.cc in Sources */,
				571DB9E817BE67CD0001514C /* act-config.cc in Sources */,
				571DB9EA17BE67CD0001514C /* act-database.cc in Sources */,
				571DB9EC17BE67CD0001514C /* act-format.cc in Sources */,
				571DB9EE17BE67CD0001514C /* act-gps-activity.cc in Sources */,
				571DB9F017BE67CD0001514C /* act-gps-fit-parser.cc in Sources */,
				571DB9F217BE67CD0001514C /* act-gps-parser.cc in Sources */,
				571DB9F417BE67CD0001514C /* act-gps-tcx-parser.cc in Sources */,
				571DB9F617BE67CD0001514C /* act-output-table.cc in Sources */,
				571DB9F917BE67CD0001514C /* act-types.cc in Sources */,
				571DB9FB17BE67CD0001514C /* act-util.cc in Sources */,
				57638D5017DB72EA00BE93AC /* act-intensity-points.cc in Sources */,
			);
			runOnlyForDeploymentPostprocessing = 0;
		};
/* End PBXSourcesBuildPhase section */

/* Begin PBXTargetDependency section */
		571DBA0117BE68A60001514C /* PBXTargetDependency */ = {
			isa = PBXTargetDependency;
			target = 571DB9BC17BE67850001514C /* libact */;
			targetProxy = 571DBA0017BE68A60001514C /* PBXContainerItemProxy */;
		};
/* End PBXTargetDependency section */

/* Begin PBXVariantGroup section */
		570E6ABF17F472E800A5BB4D /* ActMapView.xib */ = {
			isa = PBXVariantGroup;
			children = (
				570E6AC017F472E800A5BB4D /* en */,
			);
			name = ActMapView.xib;
			sourceTree = "<group>";
		};
		570E6AC217F473C600A5BB4D /* ActLapView.xib */ = {
			isa = PBXVariantGroup;
			children = (
				570E6AC317F473C600A5BB4D /* en */,
			);
			name = ActLapView.xib;
			sourceTree = "<group>";
		};
		570E6AC517F474F700A5BB4D /* ActSummaryView.xib */ = {
			isa = PBXVariantGroup;
			children = (
				570E6AC617F474F700A5BB4D /* en */,
			);
			name = ActSummaryView.xib;
			sourceTree = "<group>";
		};
		570E6AC817F4793700A5BB4D /* ActChartView.xib */ = {
			isa = PBXVariantGroup;
			children = (
				570E6AC917F4793700A5BB4D /* en */,
			);
			name = ActChartView.xib;
			sourceTree = "<group>";
		};
		570E6ACB17F47A9C00A5BB4D /* ActListView.xib */ = {
			isa = PBXVariantGroup;
			children = (
				570E6ACC17F47A9C00A5BB4D /* en */,
			);
			name = ActListView.xib;
			sourceTree = "<group>";
		};
		57193D4717FDFCAE009634B4 /* ActNotesListView.xib */ = {
			isa = PBXVariantGroup;
			children = (
				57193D4817FDFCAE009634B4 /* en */,
			);
			name = ActNotesListView.xib;
			sourceTree = "<group>";
		};
		57193D501801A514009634B4 /* ActHeaderView.xib */ = {
			isa = PBXVariantGroup;
			children = (
				57193D511801A514009634B4 /* en */,
			);
			name = ActHeaderView.xib;
			sourceTree = "<group>";
		};
		571DB99B17BE615C0001514C /* InfoPlist.strings */ = {
			isa = PBXVariantGroup;
			children = (
				571DB99C17BE615C0001514C /* en */,
			);
			name = InfoPlist.strings;
			sourceTree = "<group>";
		};
		571DB9A717BE615C0001514C /* MainMenu.xib */ = {
			isa = PBXVariantGroup;
			children = (
				571DB9A817BE615C0001514C /* en */,
			);
			name = MainMenu.xib;
			sourceTree = "<group>";
		};
		5736AE54187752DC00EAE652 /* ActWeekView.xib */ = {
			isa = PBXVariantGroup;
			children = (
				5736AE55187752DC00EAE652 /* en */,
			);
			name = ActWeekView.xib;
			sourceTree = "<group>";
		};
		575B3D7A18801F12003A94E7 /* ActPopoverView.xib */ = {
			isa = PBXVariantGroup;
			children = (
				575B3D7B18801F12003A94E7 /* en */,
			);
			name = ActPopoverView.xib;
			sourceTree = "<group>";
		};
		57921A5517BEAEF0001AD35D /* ActWindow.xib */ = {
			isa = PBXVariantGroup;
			children = (
				57921A5617BEAEF0001AD35D /* en */,
			);
			name = ActWindow.xib;
			sourceTree = "<group>";
		};
		57B51B07180DFC18004F1A1D /* ActActivityView.xib */ = {
			isa = PBXVariantGroup;
			children = (
				57B51B08180DFC18004F1A1D /* en */,
			);
			name = ActActivityView.xib;
			sourceTree = "<group>";
		};
		57E44D1F1822D70E006A58B4 /* ActImporterView.xib */ = {
			isa = PBXVariantGroup;
			children = (
				57E44D201822D70E006A58B4 /* en */,
			);
			name = ActImporterView.xib;
			sourceTree = "<group>";
		};
		57E44D221822D73A006A58B4 /* ActViewerView.xib */ = {
			isa = PBXVariantGroup;
			children = (
				57E44D231822D73A006A58B4 /* en */,
			);
			name = ActViewerView.xib;
			sourceTree = "<group>";
		};
/* End PBXVariantGroup section */

/* Begin XCBuildConfiguration section */
		571DB9AA17BE615C0001514C /* Debug */ = {
			isa = XCBuildConfiguration;
			buildSettings = {
				ALWAYS_SEARCH_USER_PATHS = NO;
				CLANG_CXX_LANGUAGE_STANDARD = "c++0x";
				CLANG_CXX_LIBRARY = "libc++";
				CLANG_WARN_OBJC_IMPLICIT_ATOMIC_PROPERTIES = YES;
				CLANG_WARN_OBJC_MISSING_PROPERTY_SYNTHESIS = YES;
				CLANG_WARN__DUPLICATE_METHOD_MATCH = YES;
				COPY_PHASE_STRIP = NO;
				GCC_C_LANGUAGE_STANDARD = c99;
				GCC_DYNAMIC_NO_PIC = NO;
				GCC_ENABLE_CPP_EXCEPTIONS = NO;
				GCC_ENABLE_CPP_RTTI = NO;
				GCC_OPTIMIZATION_LEVEL = 0;
				GCC_PREPROCESSOR_DEFINITIONS = (
					"DEBUG=1",
					"$(inherited)",
				);
				GCC_SYMBOLS_PRIVATE_EXTERN = NO;
				GCC_TREAT_WARNINGS_AS_ERRORS = YES;
				GCC_WARN_UNUSED_VARIABLE = YES;
				HEADER_SEARCH_PATHS = /usr/include/libxml2;
				MACOSX_DEPLOYMENT_TARGET = 10.9;
				ONLY_ACTIVE_ARCH = YES;
				SDKROOT = macosx;
				WARNING_CFLAGS = "-Wall";
			};
			name = Debug;
		};
		571DB9AB17BE615C0001514C /* Release */ = {
			isa = XCBuildConfiguration;
			buildSettings = {
				ALWAYS_SEARCH_USER_PATHS = NO;
				CLANG_CXX_LANGUAGE_STANDARD = "c++0x";
				CLANG_CXX_LIBRARY = "libc++";
				CLANG_WARN_OBJC_IMPLICIT_ATOMIC_PROPERTIES = YES;
				CLANG_WARN_OBJC_MISSING_PROPERTY_SYNTHESIS = YES;
				CLANG_WARN__DUPLICATE_METHOD_MATCH = YES;
				COPY_PHASE_STRIP = YES;
				DEBUG_INFORMATION_FORMAT = "dwarf-with-dsym";
				GCC_C_LANGUAGE_STANDARD = c99;
				GCC_ENABLE_CPP_EXCEPTIONS = NO;
				GCC_ENABLE_CPP_RTTI = NO;
				GCC_WARN_UNUSED_VARIABLE = YES;
				HEADER_SEARCH_PATHS = /usr/include/libxml2;
				MACOSX_DEPLOYMENT_TARGET = 10.9;
				SDKROOT = macosx;
				WARNING_CFLAGS = "-Wall";
			};
			name = Release;
		};
		571DB9AD17BE615C0001514C /* Debug */ = {
			isa = XCBuildConfiguration;
			buildSettings = {
				COMBINE_HIDPI_IMAGES = YES;
				GCC_PRECOMPILE_PREFIX_HEADER = YES;
				GCC_PREFIX_HEADER = "Activities-Prefix.pch";
				HEADER_SEARCH_PATHS = (
					/usr/include/libxml2,
					../src,
				);
				INFOPLIST_FILE = "resources/Activities-Info.plist";
				PRODUCT_NAME = "$(TARGET_NAME)";
				WRAPPER_EXTENSION = app;
			};
			name = Debug;
		};
		571DB9AE17BE615C0001514C /* Release */ = {
			isa = XCBuildConfiguration;
			buildSettings = {
				COMBINE_HIDPI_IMAGES = YES;
				GCC_PRECOMPILE_PREFIX_HEADER = YES;
				GCC_PREFIX_HEADER = "Activities-Prefix.pch";
				HEADER_SEARCH_PATHS = (
					/usr/include/libxml2,
					../src,
				);
				INFOPLIST_FILE = "resources/Activities-Info.plist";
				PRODUCT_NAME = "$(TARGET_NAME)";
				WRAPPER_EXTENSION = app;
			};
			name = Release;
		};
		571DB9BF17BE67850001514C /* Debug */ = {
			isa = XCBuildConfiguration;
			buildSettings = {
				EXECUTABLE_PREFIX = lib;
				PRODUCT_NAME = act;
				SKIP_INSTALL = YES;
			};
			name = Debug;
		};
		571DB9C017BE67850001514C /* Release */ = {
			isa = XCBuildConfiguration;
			buildSettings = {
				EXECUTABLE_PREFIX = lib;
				PRODUCT_NAME = act;
				SKIP_INSTALL = YES;
			};
			name = Release;
		};
/* End XCBuildConfiguration section */

/* Begin XCConfigurationList section */
		571DB98A17BE615C0001514C /* Build configuration list for PBXProject "Activities" */ = {
			isa = XCConfigurationList;
			buildConfigurations = (
				571DB9AA17BE615C0001514C /* Debug */,
				571DB9AB17BE615C0001514C /* Release */,
			);
			defaultConfigurationIsVisible = 0;
			defaultConfigurationName = Release;
		};
		571DB9AC17BE615C0001514C /* Build configuration list for PBXNativeTarget "Activities" */ = {
			isa = XCConfigurationList;
			buildConfigurations = (
				571DB9AD17BE615C0001514C /* Debug */,
				571DB9AE17BE615C0001514C /* Release */,
			);
			defaultConfigurationIsVisible = 0;
			defaultConfigurationName = Release;
		};
		571DB9BE17BE67850001514C /* Build configuration list for PBXNativeTarget "libact" */ = {
			isa = XCConfigurationList;
			buildConfigurations = (
				571DB9BF17BE67850001514C /* Debug */,
				571DB9C017BE67850001514C /* Release */,
			);
			defaultConfigurationIsVisible = 0;
			defaultConfigurationName = Release;
		};
/* End XCConfigurationList section */
	};
	rootObject = 571DB98717BE615C0001514C /* Project object */;
}
